
Microsoft Visual Studio Solution File, Format Version 12.00
# Visual Studio Version 17
VisualStudioVersion = 17.5.33530.505
MinimumVisualStudioVersion = 10.0.40219.1
Project("{FAE04EC0-301F-11D3-BF4B-00C04F79EFBC}") = "RePoint.FileSystem.Manager", "RePoint.FileSystem.Manager.csproj", "{D25EAD41-B285-4533-936C-1A7E16103656}"
EndProject
Global
	GlobalSection(SolutionConfigurationPlatforms) = preSolution
		Debug|Any CPU = Debug|Any CPU
		Release|Any CPU = Release|Any CPU
	EndGlobalSection
	GlobalSection(ProjectConfigurationPlatforms) = postSolution
		{D25EAD41-B285-4533-936C-1A7E16103656}.Debug|Any CPU.ActiveCfg = Debug|Any CPU
		{D25EAD41-B285-4533-936C-1A7E16103656}.Debug|Any CPU.Build.0 = Debug|Any CPU
		{D25EAD41-B285-4533-936C-1A7E16103656}.Release|Any CPU.ActiveCfg = Release|Any CPU
		{D25EAD41-B285-4533-936C-1A7E16103656}.Release|Any CPU.Build.0 = Release|Any CPU
	EndGlobalSection
	GlobalSection(SolutionProperties) = preSolution
		HideSolutionNode = FALSE
	EndGlobalSection
	GlobalSection(ExtensibilityGlobals) = postSolution
		SolutionGuid = {0F78D6B7-103B-4707-AAA9-E616D459093E}
	EndGlobalSection
EndGlobal
